
Microsoft Visual Studio Solution File, Format Version 12.00
# Visual Studio 15
VisualStudioVersion = 15.0.27130.2020
MinimumVisualStudioVersion = 10.0.40219.1
Project("{FAE04EC0-301F-11D3-BF4B-00C04F79EFBC}") = "SecretProject", "SecretProject\SecretProject.csproj", "{F30CA0F9-71CD-478A-9EAB-56F0FF1C9612}"
EndProject
Global
	GlobalSection(SolutionConfigurationPlatforms) = preSolution
		Debug|Any CPU = Debug|Any CPU
		Release|Any CPU = Release|Any CPU
	EndGlobalSection
	GlobalSection(ProjectConfigurationPlatforms) = postSolution
		{F30CA0F9-71CD-478A-9EAB-56F0FF1C9612}.Debug|Any CPU.ActiveCfg = Debug|Any CPU
		{F30CA0F9-71CD-478A-9EAB-56F0FF1C9612}.Debug|Any CPU.Build.0 = Debug|Any CPU
		{F30CA0F9-71CD-478A-9EAB-56F0FF1C9612}.Release|Any CPU.ActiveCfg = Release|Any CPU
		{F30CA0F9-71CD-478A-9EAB-56F0FF1C9612}.Release|Any CPU.Build.0 = Release|Any CPU
	EndGlobalSection
	GlobalSection(SolutionProperties) = preSolution
		HideSolutionNode = FALSE
	EndGlobalSection
	GlobalSection(ExtensibilityGlobals) = postSolution
		SolutionGuid = {E1C45102-604C-47DD-B7AF-6A0FCA62FF16}
	EndGlobalSection
EndGlobal
